
Microsoft Visual Studio Solution File, Format Version 12.00
# Visual Studio Version 16
VisualStudioVersion = 16.0.31605.320
MinimumVisualStudioVersion = 10.0.40219.1
Project("{FAE04EC0-301F-11D3-BF4B-00C04F79EFBC}") = "escaape", "escaape\escaape.csproj", "{38E6BE85-A2DA-46B4-908D-F3F47C53D31F}"
EndProject
Global
	GlobalSection(SolutionConfigurationPlatforms) = preSolution
		Debug|Any CPU = Debug|Any CPU
		Release|Any CPU = Release|Any CPU
	EndGlobalSection
	GlobalSection(ProjectConfigurationPlatforms) = postSolution
		{38E6BE85-A2DA-46B4-908D-F3F47C53D31F}.Debug|Any CPU.ActiveCfg = Debug|Any CPU
		{38E6BE85-A2DA-46B4-908D-F3F47C53D31F}.Debug|Any CPU.Build.0 = Debug|Any CPU
		{38E6BE85-A2DA-46B4-908D-F3F47C53D31F}.Release|Any CPU.ActiveCfg = Release|Any CPU
		{38E6BE85-A2DA-46B4-908D-F3F47C53D31F}.Release|Any CPU.Build.0 = Release|Any CPU
	EndGlobalSection
	GlobalSection(SolutionProperties) = preSolution
		HideSolutionNode = FALSE
	EndGlobalSection
	GlobalSection(ExtensibilityGlobals) = postSolution
		SolutionGuid = {3F1CB97C-8DA5-4EAB-9D47-7024F1245B0A}
	EndGlobalSection
EndGlobal
